
Microsoft Visual Studio Solution File, Format Version 12.00
# Visual Studio Version 16
VisualStudioVersion = 16.0.30413.136
MinimumVisualStudioVersion = 10.0.40219.1
Project("{FAE04EC0-301F-11D3-BF4B-00C04F79EFBC}") = "TestTaskForCRMGURU", "TestTaskForCRMGURU\TestTaskForCRMGURU.csproj", "{C8F9E59F-7488-4E30-ABAF-F547D5AFFACF}"
EndProject
Global
	GlobalSection(SolutionConfigurationPlatforms) = preSolution
		Debug|Any CPU = Debug|Any CPU
		Release|Any CPU = Release|Any CPU
	EndGlobalSection
	GlobalSection(ProjectConfigurationPlatforms) = postSolution
		{C8F9E59F-7488-4E30-ABAF-F547D5AFFACF}.Debug|Any CPU.ActiveCfg = Debug|Any CPU
		{C8F9E59F-7488-4E30-ABAF-F547D5AFFACF}.Debug|Any CPU.Build.0 = Debug|Any CPU
		{C8F9E59F-7488-4E30-ABAF-F547D5AFFACF}.Release|Any CPU.ActiveCfg = Release|Any CPU
		{C8F9E59F-7488-4E30-ABAF-F547D5AFFACF}.Release|Any CPU.Build.0 = Release|Any CPU
	EndGlobalSection
	GlobalSection(SolutionProperties) = preSolution
		HideSolutionNode = FALSE
	EndGlobalSection
	GlobalSection(ExtensibilityGlobals) = postSolution
		SolutionGuid = {0B04D7A5-DF37-46D6-AC6B-C41EB082C107}
	EndGlobalSection
EndGlobal
